PODS:
  - AEXML (4.6.1)
  - Gnomon/Core (5.2.6):
    - RxSwift (~> 6.6.0)
  - Gnomon/Decodable (5.2.6):
    - Gnomon/Core
  - Gnomon/JSON (5.2.6):
    - Gnomon/Core
    - SwiftyJSON (~> 5)
  - Gnomon/XML (5.2.6):
    - AEXML (~> 4.2)
    - Gnomon/Core
  - Nimble (7.3.4)
  - RxBlocking (6.6.0):
    - RxSwift (= 6.6.0)
  - RxSwift (6.6.0)
  - SwiftLint (0.51.0)
  - SwiftyJSON (5.0.1)

DEPENDENCIES:
  - Gnomon/Core (from `.`)
  - Gnomon/Decodable (from `.`)
  - Gnomon/JSON (from `.`)
  - Gnomon/XML (from `.`)
  - Nimble (~> 7.0)
  - RxBlocking
  - SwiftLint (~> 0.27)

SPEC REPOS:
  https://github.com/CocoaPods/Specs.git:
    - AEXML
    - Nimble
    - RxBlocking
    - RxSwift
    - SwiftLint
    - SwiftyJSON

EXTERNAL SOURCES:
  Gnomon:
    :path: "."

SPEC CHECKSUMS:
  AEXML: 1e255ecc6597212f97a7454a69ebd3ede64ac1cf
  Gnomon: 51f119cd3afd5dd6be5f9b12b73de7d6abcd1758
  Nimble: 051e3d8912d40138fa5591c78594f95fb172af37
  RxBlocking: fbd1f8501443024f686e556f36dac79b0d5f4d7c
  RxSwift: a4b44f7d24599f674deebd1818eab82e58410632
  SwiftLint: 1b7561918a19e23bfed960e40759086e70f4dba5
  SwiftyJSON: 2f33a42c6fbc52764d96f13368585094bfd8aa5e

PODFILE CHECKSUM: ccc1722b0353dabf98c88397e77b335e9f15e7fe

COCOAPODS: 1.16.2
